
Microsoft Visual Studio Solution File, Format Version 12.00
# Visual Studio 2012
Project("{FAE04EC0-301F-11D3-BF4B-00C04F79EFBC}") = "osuBeatmapsBlockerdotNet2", "osuBeatmapsCleaner_dotNet2\osuBeatmapsBlockerdotNet2.csproj", "{707831BE-5A02-4D79-8918-3A38B1BF0CA3}"
EndProject
Global
	GlobalSection(SolutionConfigurationPlatforms) = preSolution
		Debug|Any CPU = Debug|Any CPU
		Release|Any CPU = Release|Any CPU
	EndGlobalSection
	GlobalSection(ProjectConfigurationPlatforms) = postSolution
		{707831BE-5A02-4D79-8918-3A38B1BF0CA3}.Debug|Any CPU.ActiveCfg = Debug|Any CPU
		{707831BE-5A02-4D79-8918-3A38B1BF0CA3}.Debug|Any CPU.Build.0 = Debug|Any CPU
		{707831BE-5A02-4D79-8918-3A38B1BF0CA3}.Release|Any CPU.ActiveCfg = Release|Any CPU
		{707831BE-5A02-4D79-8918-3A38B1BF0CA3}.Release|Any CPU.Build.0 = Release|Any CPU
	EndGlobalSection
	GlobalSection(SolutionProperties) = preSolution
		HideSolutionNode = FALSE
	EndGlobalSection
EndGlobal
